// !$*UTF8*$!
{
	archiveVersion = 1;
	classes = {
	};
	objectVersion = 46;
	objects = {

/* Begin PBXBuildFile section */
		8278B1C01D50AE1200E5B455 /* main.m in Sources */ = {isa = PBXBuildFile; fileRef = 8278B1BF1D50AE1200E5B455 /* main.m */; };
		8278B1C31D50AE1200E5B455 /* AppDelegate.m in Sources */ = {isa = PBXBuildFile; fileRef = 8278B1C21D50AE1200E5B455 /* AppDelegate.m */; };
		8278B1C61D50AE1200E5B455 /* ViewController.m in Sources */ = {isa = PBXBuildFile; fileRef = 8278B1C51D50AE1200E5B455 /* ViewController.m */; };
		8278B1C91D50AE1200E5B455 /* Main.storyboard in Resources */ = {isa = PBXBuildFile; fileRef = 8278B1C71D50AE1200E5B455 /* Main.storyboard */; };
		8278B1CB1D50AE1200E5B455 /* Assets.xcassets in Resources */ = {isa = PBXBuildFile; fileRef = 8278B1CA1D50AE1200E5B455 /* Assets.xcassets */; };
		8278B1CE1D50AE1200E5B455 /* LaunchScreen.storyboard in Resources */ = {isa = PBXBuildFile; fileRef = 8278B1CC1D50AE1200E5B455 /* LaunchScreen.storyboard */; };
/* End PBXBuildFile section */

/* Begin PBXFileReference section */
		8278B1BB1D50AE1200E5B455 /* sds.app */ = {isa = PBXFileReference; explicitFileType = wrapper.application; includeInIndex = 0; path = sds.app; sourceTree = BUILT_PRODUCTS_DIR; };
		8278B1BF1D50AE1200E5B455 /* main.m */ = {isa = PBXFileReference; lastKnownFileType = sourcecode.c.objc; path = main.m; sourceTree = "<group>"; };
		8278B1C11D50AE1200E5B455 /* AppDelegate.h */ = {isa = PBXFileReference; lastKnownFileType = sourcecode.c.h; path = AppDelegate.h; sourceTree = "<group>"; };
		8278B1C21D50AE1200E5B455 /* AppDelegate.m */ = {isa = PBXFileReference; lastKnownFileType = sourcecode.c.objc; path = AppDelegate.m; sourceTree = "<group>"; };
		8278B1C41D50AE1200E5B455 /* ViewController.h */ = {isa = PBXFileReference; lastKnownFileType = sourcecode.c.h; path = ViewController.h; sourceTree = "<group>"; };
		8278B1C51D50AE1200E5B455 /* ViewController.m */ = {isa = PBXFileReference; lastKnownFileType = sourcecode.c.objc; path = ViewController.m; sourceTree = "<group>"; };
		8278B1C81D50AE1200E5B455 /* Base */ = {isa = PBXFileReference; lastKnownFileType = file.storyboard; name = Base; path = Base.lproj/Main.storyboard; sourceTree = "<group>"; };
		8278B1CA1D50AE1200E5B455 /* Assets.xcassets */ = {isa = PBXFileReference; lastKnownFileType = folder.assetcatalog; path = Assets.xcassets; sourceTree = "<group>"; };
		8278B1CD1D50AE1200E5B455 /* Base */ = {isa = PBXFileReference; lastKnownFileType = file.storyboard; name = Base; path = Base.lproj/LaunchScreen.storyboard; sourceTree = "<group>"; };
		8278B1CF1D50AE1200E5B455 /* Info.plist */ = {isa = PBXFileReference; lastKnownFileType = text.plist.xml; path = Info.plist; sourceTree = "<group>"; };
/* End PBXFileReference section */

/* Begin PBXFrameworksBuildPhase section */
		8278B1B81D50AE1200E5B455 /* Frameworks */ = {
			isa = PBXFrameworksBuildPhase;
			buildActionMask = 2147483647;
			files = (
			);
			runOnlyForDeploymentPostprocessing = 0;
		};
/* End PBXFrameworksBuildPhase section */

/* Begin PBXGroup section */
		8278B1B21D50AE1200E5B455 = {
			isa = PBXGroup;
			children = (
				8278B1BD1D50AE1200E5B455 /* sds */,
				8278B1BC1D50AE1200E5B455 /* Products */,
			);
			sourceTree = "<group>";
		};
		8278B1BC1D50AE1200E5B455 /* Products */ = {
			isa = PBXGroup;
			children = (
				8278B1BB1D50AE1200E5B455 /* sds.app */,
			);
			name = Products;
			sourceTree = "<group>";
		};
		8278B1BD1D50AE1200E5B455 /* sds */ = {
			isa = PBXGroup;
			children = (
				8278B1C11D50AE1200E5B455 /* AppDelegate.h */,
				8278B1C21D50AE1200E5B455 /* AppDelegate.m */,
				8278B1C41D50AE1200E5B455 /* ViewController.h */,
				8278B1C51D50AE1200E5B455 /* ViewController.m */,
				8278B1C71D50AE1200E5B455 /* Main.storyboard */,
				8278B1CA1D50AE1200E5B455 /* Assets.xcassets */,
				8278B1CC1D50AE1200E5B455 /* LaunchScreen.storyboard */,
				8278B1CF1D50AE1200E5B455 /* Info.plist */,
				8278B1BE1D50AE1200E5B455 /* Supporting Files */,
			);
			path = sds;
			sourceTree = "<group>";
		};
		8278B1BE1D50AE1200E5B455 /* Supporting Files */ = {
			isa = PBXGroup;
			children = (
				8278B1BF1D50AE1200E5B455 /* main.m */,
			);
			name = "Supporting Files";
			sourceTree = "<group>";
		};
/* End PBXGroup section */

/* Begin PBXNativeTarget section */
		8278B1BA1D50AE1200E5B455 /* sds */ = {
			isa = PBXNativeTarget;
			buildConfigurationList = 8278B1D21D50AE1200E5B455 /* Build configuration list for PBXNativeTarget "sds" */;
			buildPhases = (
				8278B1B71D50AE1200E5B455 /* Sources */,
				8278B1B81D50AE1200E5B455 /* Frameworks */,
				8278B1B91D50AE1200E5B455 /* Resources */,
			);
			buildRules = (
			);
			dependencies = (
			);
			name = sds;
			productName = sds;
			productReference = 8278B1BB1D50AE1200E5B455 /* sds.app */;
			productType = "com.apple.product-type.application";
		};
/* End PBXNativeTarget section */

/* Begin PBXProject section */
		8278B1B31D50AE1200E5B455 /* Project object */ = {
			isa = PBXProject;
			attributes = {
				LastUpgradeCheck = 0730;
				ORGANIZATIONNAME = ymedialabs;
				TargetAttributes = {
					8278B1BA1D50AE1200E5B455 = {
						CreatedOnToolsVersion = 7.3;
					};
				};
			};
			buildConfigurationList = 8278B1B61D50AE1200E5B455 /* Build configuration list for PBXProject "sds" */;
			compatibilityVersion = "Xcode 3.2";
			developmentRegion = English;
			hasScannedForEncodings = 0;
			knownRegions = (
				en,
				Base,
			);
			mainGroup = 8278B1B21D50AE1200E5B455;
			productRefGroup = 8278B1BC1D50AE1200E5B455 /* Products */;
			projectDirPath = "";
			projectRoot = "";
			targets = (
				8278B1BA1D50AE1200E5B455 /* sds */,
			);
		};
/* End PBXProject section */

/* Begin PBXResourcesBuildPhase section */
		8278B1B91D50AE1200E5B455 /* Resources */ = {
			isa = PBXResourcesBuildPhase;
			buildActionMask = 2147483647;
			files = (
				8278B1CE1D50AE1200E5B455 /* LaunchScreen.storyboard in Resources */,
				8278B1CB1D50AE1200E5B455 /* Assets.xcassets in Resources */,
				8278B1C91D50AE1200E5B455 /* Main.storyboard in Resources */,
			);
			runOnlyForDeploymentPostprocessing = 0;
		};
/* End PBXResourcesBuildPhase section */

/* Begin PBXSourcesBuildPhase section */
		8278B1B71D50AE1200E5B455 /* Sources */ = {
			isa = PBXSourcesBuildPhase;
			buildActionMask = 2147483647;
			files = (
				8278B1C61D50AE1200E5B455 /* ViewController.m in Sources */,
				8278B1C31D50AE1200E5B455 /* AppDelegate.m in Sources */,
				8278B1C01D50AE1200E5B455 /* main.m in Sources */,
			);
			runOnlyForDeploymentPostprocessing = 0;
		};
/* End PBXSourcesBuildPhase section */

/* Begin PBXVariantGroup section */
		8278B1C71D50AE1200E5B455 /* Main.storyboard */ = {
			isa = PBXVariantGroup;
			children = (
				8278B1C81D50AE1200E5B455 /* Base */,
			);
			name = Main.storyboard;
			sourceTree = "<group>";
		};
		8278B1CC1D50AE1200E5B455 /* LaunchScreen.storyboard */ = {
			isa = PBXVariantGroup;
			children = (
				8278B1CD1D50AE1200E5B455 /* Base */,
			);
			name = LaunchScreen.storyboard;
			sourceTree = "<group>";
		};
/* End PBXVariantGroup section */

/* Begin XCBuildConfiguration section */
		8278B1D01D50AE1200E5B455 /* Debug */ = {
			isa = XCBuildConfiguration;
			buildSettings = {
				ALWAYS_SEARCH_USER_PATHS = NO;
				CLANG_ANALYZER_NONNULL = YES;
				CLANG_CXX_LANGUAGE_STANDARD = "gnu++0x";
				CLANG_CXX_LIBRARY = "libc++";
				CLANG_ENABLE_MODULES = YES;
				CLANG_ENABLE_OBJC_ARC = YES;
				CLANG_WARN_BOOL_CONVERSION = YES;
				CLANG_WARN_CONSTANT_CONVERSION = YES;
				CLANG_WARN_DIRECT_OBJC_ISA_USAGE = YES_ERROR;
				CLANG_WARN_EMPTY_BODY = YES;
				CLANG_WARN_ENUM_CONVERSION = YES;
				CLANG_WARN_INT_CONVERSION = YES;
				CLANG_WARN_OBJC_ROOT_CLASS = YES_ERROR;
				CLANG_WARN_UNREACHABLE_CODE = YES;
				CLANG_WARN__DUPLICATE_METHOD_MATCH = YES;
				"CODE_SIGN_IDENTITY[sdk=iphoneos*]" = "iPhone Developer";
				COPY_PHASE_STRIP = NO;
				DEBUG_INFORMATION_FORMAT = dwarf;
				ENABLE_STRICT_OBJC_MSGSEND = YES;
				ENABLE_TESTABILITY = YES;
				GCC_C_LANGUAGE_STANDARD = gnu99;
				GCC_DYNAMIC_NO_PIC = NO;
				GCC_NO_COMMON_BLOCKS = YES;
				GCC_OPTIMIZATION_LEVEL = 0;
				GCC_PREPROCESSOR_DEFINITIONS = (
					"DEBUG=1",
					"$(inherited)",
				);
				GCC_WARN_64_TO_32_BIT_CONVERSION = YES;
				GCC_WARN_ABOUT_RETURN_TYPE = YES_ERROR;
				GCC_WARN_UNDECLARED_SELECTOR = YES;
				GCC_WARN_UNINITIALIZED_AUTOS = YES_AGGRESSIVE;
				GCC_WARN_UNUSED_FUNCTION = YES;
				GCC_WARN_UNUSED_VARIABLE = YES;
				IPHONEOS_DEPLOYMENT_TARGET = 9.3;
				MTL_ENABLE_DEBUG_INFO = YES;
				ONLY_ACTIVE_ARCH = YES;
				SDKROOT = iphoneos;
			};
			name = Debug;
		};
		8278B1D11D50AE1200E5B455 /* Release */ = {
			isa = XCBuildConfiguration;
			buildSettings = {
				ALWAYS_SEARCH_USER_PATHS = NO;
				CLANG_ANALYZER_NONNULL = YES;
				CLANG_CXX_LANGUAGE_STANDARD = "gnu++0x";
				CLANG_CXX_LIBRARY = "libc++";
				CLANG_ENABLE_MODULES = YES;
				CLANG_ENABLE_OBJC_ARC = YES;
				CLANG_WARN_BOOL_CONVERSION = YES;
				CLANG_WARN_CONSTANT_CONVERSION = YES;
				CLANG_WARN_DIRECT_OBJC_ISA_USAGE = YES_ERROR;
				CLANG_WARN_EMPTY_BODY = YES;
				CLANG_WARN_ENUM_CONVERSION = YES;
				CLANG_WARN_INT_CONVERSION = YES;
				CLANG_WARN_OBJC_ROOT_CLASS = YES_ERROR;
				CLANG_WARN_UNREACHABLE_CODE = YES;
				CLANG_WARN__DUPLICATE_METHOD_MATCH = YES;
				"CODE_SIGN_IDENTITY[sdk=iphoneos*]" = "iPhone Developer";
				COPY_PHASE_STRIP = NO;
				DEBUG_INFORMATION_FORMAT = "dwarf-with-dsym";
				ENABLE_NS_ASSERTIONS = NO;
				ENABLE_STRICT_OBJC_MSGSEND = YES;
				GCC_C_LANGUAGE_STANDARD = gnu99;
				GCC_NO_COMMON_BLOCKS = YES;
				GCC_WARN_64_TO_32_BIT_CONVERSION = YES;
				GCC_WARN_ABOUT_RETURN_TYPE = YES_ERROR;
				GCC_WARN_UNDECLARED_SELECTOR = YES;
				GCC_WARN_UNINITIALIZED_AUTOS = YES_AGGRESSIVE;
				GCC_WARN_UNUSED_FUNCTION = YES;
				GCC_WARN_UNUSED_VARIABLE = YES;
				IPHONEOS_DEPLOYMENT_TARGET = 9.3;
				MTL_ENABLE_DEBUG_INFO = NO;
				SDKROOT = iphoneos;
				VALIDATE_PRODUCT = YES;
			};
			name = Release;
		};
		8278B1D31D50AE1200E5B455 /* Debug */ = {
			isa = XCBuildConfiguration;
			buildSettings = {
				ASSETCATALOG_COMPILER_APPICON_NAME = AppIcon;
				INFOPLIST_FILE = sds/Info.plist;
				LD_RUNPATH_SEARCH_PATHS = "$(inherited) @executable_path/Frameworks";
				PRODUCT_BUNDLE_IDENTIFIER = com.Yemdeilabs.sds;
				PRODUCT_NAME = "$(TARGET_NAME)";
			};
			name = Debug;
		};
		8278B1D41D50AE1200E5B455 /* Release */ = {
			isa = XCBuildConfiguration;
			buildSettings = {
				ASSETCATALOG_COMPILER_APPICON_NAME = AppIcon;
				INFOPLIST_FILE = sds/Info.plist;
				LD_RUNPATH_SEARCH_PATHS = "$(inherited) @executable_path/Frameworks";
				PRODUCT_BUNDLE_IDENTIFIER = com.Yemdeilabs.sds;
				PRODUCT_NAME = "$(TARGET_NAME)";
			};
			name = Release;
		};
/* End XCBuildConfiguration section */

/* Begin XCConfigurationList section */
		8278B1B61D50AE1200E5B455 /* Build configuration list for PBXProject "sds" */ = {
			isa = XCConfigurationList;
			buildConfigurations = (
				8278B1D01D50AE1200E5B455 /* Debug */,
				8278B1D11D50AE1200E5B455 /* Release */,
			);
			defaultConfigurationIsVisible = 0;
			defaultConfigurationName = Release;
		};
		8278B1D21D50AE1200E5B455 /* Build configuration list for PBXNativeTarget "sds" */ = {
			isa = XCConfigurationList;
			buildConfigurations = (
				8278B1D31D50AE1200E5B455 /* Debug */,
				8278B1D41D50AE1200E5B455 /* Release */,
			);
			defaultConfigurationIsVisible = 0;
		};
/* End XCConfigurationList section */
	};
	rootObject = 8278B1B31D50AE1200E5B455 /* Project object */;
}
